
Microsoft Visual Studio Solution File, Format Version 12.00
# Visual Studio 15
VisualStudioVersion = 15.0.27703.2035
MinimumVisualStudioVersion = 10.0.40219.1
Project("{FAE04EC0-301F-11D3-BF4B-00C04F79EFBC}") = "BasicMethodPractice", "BasicMethodPractice\BasicMethodPractice.csproj", "{5E35B7D4-7ABE-4ADB-9E80-AC6824E32162}"
EndProject
Global
	GlobalSection(SolutionConfigurationPlatforms) = preSolution
		Debug|Any CPU = Debug|Any CPU
		Release|Any CPU = Release|Any CPU
	EndGlobalSection
	GlobalSection(ProjectConfigurationPlatforms) = postSolution
		{5E35B7D4-7ABE-4ADB-9E80-AC6824E32162}.Debug|Any CPU.ActiveCfg = Debug|Any CPU
		{5E35B7D4-7ABE-4ADB-9E80-AC6824E32162}.Debug|Any CPU.Build.0 = Debug|Any CPU
		{5E35B7D4-7ABE-4ADB-9E80-AC6824E32162}.Release|Any CPU.ActiveCfg = Release|Any CPU
		{5E35B7D4-7ABE-4ADB-9E80-AC6824E32162}.Release|Any CPU.Build.0 = Release|Any CPU
	EndGlobalSection
	GlobalSection(SolutionProperties) = preSolution
		HideSolutionNode = FALSE
	EndGlobalSection
	GlobalSection(ExtensibilityGlobals) = postSolution
		SolutionGuid = {EF8352CE-2337-4343-8C04-564C7B3409E7}
	EndGlobalSection
EndGlobal
